{
    "_meta": {
        "hash": {
            "sha256": "e3cd6d3fee298afd0bbdb6e5222d38200d23959e3fd97c1d3bbbc6d12ac3451c"
        },
        "pipfile-spec": 6,
        "requires": {
            "python_version": "3.9"
        },
        "sources": [
            {
                "name": "pypi",
                "url": "https://pypi.org/simple",
                "verify_ssl": true
            }
        ]
    },
    "default": {
        "arrow": {
            "hashes": [
                "sha256:05caf1fd3d9a11a1135b2b6f09887421153b94558e5ef4d090b567b47173ac2b",
                "sha256:d622c46ca681b5b3e3574fcb60a04e5cc81b9625112d5fb2b44220c36c892177"
            ],
            "markers": "python_version >= '3.6'",
            "version": "==1.2.2"
        },
        "asgiref": {
            "hashes": [
                "sha256:2f8abc20f7248433085eda803936d98992f1343ddb022065779f37c5da0181d0",
                "sha256:88d59c13d634dcffe0510be048210188edd79aeccb6a6c9028cdad6f31d730a9"
            ],
            "markers": "python_version >= '3.7'",
            "version": "==3.5.0"
        },
        "binaryornot": {
            "hashes": [
                "sha256:359501dfc9d40632edc9fac890e19542db1a287bbcfa58175b66658392018061",
                "sha256:b8b71173c917bddcd2c16070412e369c3ed7f0528926f70cac18a6c97fd563e4"
            ],
            "version": "==0.4.4"
        },
        "certifi": {
            "hashes": [
                "sha256:78884e7c1d4b00ce3cea67b44566851c4343c120abd683433ce934a68ea58872",
                "sha256:d62a0163eb4c2344ac042ab2bdf75399a71a2d8c7d47eac2e2ee91b9d6339569"
            ],
            "version": "==2021.10.8"
        },
        "chardet": {
            "hashes": [
                "sha256:0d6f53a15db4120f2b08c94f11e7d93d2c911ee118b6b30a04ec3ee8310179fa",
                "sha256:f864054d66fd9118f2e67044ac8981a54775ec5b67aed0441892edb553d21da5"
            ],
            "markers": "python_version >= '2.7' and python_version not in '3.0, 3.1, 3.2, 3.3, 3.4'",
            "version": "==4.0.0"
        },
        "charset-normalizer": {
            "hashes": [
                "sha256:2857e29ff0d34db842cd7ca3230549d1a697f96ee6d3fb071cfa6c7393832597",
                "sha256:6881edbebdb17b39b4eaaa821b438bf6eddffb4468cf344f09f89def34a8b1df"
            ],
            "markers": "python_version >= '3'",
            "version": "==2.0.12"
        },
        "click": {
            "hashes": [
                "sha256:24e1a4a9ec5bf6299411369b208c1df2188d9eb8d916302fe6bf03faed227f1e",
                "sha256:479707fe14d9ec9a0757618b7a100a0ae4c4e236fac5b7f80ca68028141a1a72"
            ],
            "markers": "python_version >= '3.7'",
            "version": "==8.1.2"
        },
        "cookiecutter": {
            "hashes": [
                "sha256:6b9a4d72882e243be077a7397d0f1f76fe66cf3df91f3115dbb5330e214fa457",
                "sha256:f8671531fa96ab14339d0c59b4f662a4f12a2ecacd94a0f70a3500843da588e2"
            ],
            "markers": "python_version >= '2.7' and python_version not in '3.0, 3.1, 3.2, 3.3, 3.4'",
            "version": "==1.7.3"
        },
        "django": {
            "hashes": [
                "sha256:6d93497a0a9bf6ba0e0b1a29cccdc40efbfc76297255b1309b3a884a688ec4b6",
                "sha256:b896ca61edc079eb6bbaa15cf6071eb69d6aac08cce5211583cfb41515644fdf"
            ],
            "index": "pypi",
            "version": "==3.2.13"
        },
        "django-filter": {
            "hashes": [
                "sha256:84e9d5bb93f237e451db814ed422a3a625751cbc9968b484ecc74964a8696b06",
                "sha256:e00d32cebdb3d54273c48f4f878f898dced8d5dfaad009438fe61ebdf535ace1"
            ],
            "index": "pypi",
            "version": "==2.4.0"
        },
        "django-fsm": {
            "hashes": [
                "sha256:219b204777a932720d8583cb1f34713bd08b4713e1beb39ab2e674810e21d5e9",
                "sha256:c96a844853de0f5dc67791b64beb367b5d56f992dff7c00f9b88c483e09f15ec"
            ],
            "index": "pypi",
            "version": "==2.7.1"
        },
        "django-taggit": {
            "hashes": [
                "sha256:dfe9e9c10b5929132041de0c00093ef0072c73c2a97d0f74a818ae50fa77149a",
                "sha256:e5bb62891f458d55332e36a32e19c08d20142c43f74bc5656c803f8af25c084a"
            ],
            "index": "pypi",
            "version": "==1.5.1"
        },
        "django-tailwind": {
            "hashes": [
                "sha256:50a9f251ca609ae3e9ecc0c91f2cf07e78a2a51194d1f086d5da25f142bd3994",
                "sha256:a515f379963406e7ad07c6d55d8023b7eaa4a9a7f94fe8d24b3934715826000d"
            ],
            "index": "pypi",
            "version": "==2.2.0"
        },
        "gunicorn": {
            "hashes": [
                "sha256:9dcc4547dbb1cb284accfb15ab5667a0e5d1881cc443e0677b4882a4067a807e",
                "sha256:e0a968b5ba15f8a328fdfd7ab1fcb5af4470c28aaf7e55df02a99bc13138e6e8"
            ],
            "index": "pypi",
            "version": "==20.1.0"
        },
        "idna": {
            "hashes": [
                "sha256:84d9dd047ffa80596e0f246e2eab0b391788b0503584e8945f2368256d2735ff",
                "sha256:9d643ff0a55b762d5cdb124b8eaa99c66322e2157b69160bc32796e824360e6d"
            ],
            "markers": "python_version >= '3'",
            "version": "==3.3"
        },
        "jinja2": {
            "hashes": [
                "sha256:539835f51a74a69f41b848a9645dbdc35b4f20a3b601e2d9a7e22947b15ff119",
                "sha256:640bed4bb501cbd17194b3cace1dc2126f5b619cf068a726b98192a0fde74ae9"
            ],
            "markers": "python_version >= '3.7'",
            "version": "==3.1.1"
        },
        "jinja2-time": {
            "hashes": [
                "sha256:d14eaa4d315e7688daa4969f616f226614350c48730bfa1692d2caebd8c90d40",
                "sha256:d3eab6605e3ec8b7a0863df09cc1d23714908fa61aa6986a845c20ba488b4efa"
            ],
            "version": "==0.2.0"
        },
        "markupsafe": {
            "hashes": [
                "sha256:0212a68688482dc52b2d45013df70d169f542b7394fc744c02a57374a4207003",
                "sha256:089cf3dbf0cd6c100f02945abeb18484bd1ee57a079aefd52cffd17fba910b88",
                "sha256:10c1bfff05d95783da83491be968e8fe789263689c02724e0c691933c52994f5",
                "sha256:33b74d289bd2f5e527beadcaa3f401e0df0a89927c1559c8566c066fa4248ab7",
                "sha256:3799351e2336dc91ea70b034983ee71cf2f9533cdff7c14c90ea126bfd95d65a",
                "sha256:3ce11ee3f23f79dbd06fb3d63e2f6af7b12db1d46932fe7bd8afa259a5996603",
                "sha256:421be9fbf0ffe9ffd7a378aafebbf6f4602d564d34be190fc19a193232fd12b1",
                "sha256:43093fb83d8343aac0b1baa75516da6092f58f41200907ef92448ecab8825135",
                "sha256:46d00d6cfecdde84d40e572d63735ef81423ad31184100411e6e3388d405e247",
                "sha256:4a33dea2b688b3190ee12bd7cfa29d39c9ed176bda40bfa11099a3ce5d3a7ac6",
                "sha256:4b9fe39a2ccc108a4accc2676e77da025ce383c108593d65cc909add5c3bd601",
                "sha256:56442863ed2b06d19c37f94d999035e15ee982988920e12a5b4ba29b62ad1f77",
                "sha256:671cd1187ed5e62818414afe79ed29da836dde67166a9fac6d435873c44fdd02",
                "sha256:694deca8d702d5db21ec83983ce0bb4b26a578e71fbdbd4fdcd387daa90e4d5e",
                "sha256:6a074d34ee7a5ce3effbc526b7083ec9731bb3cbf921bbe1d3005d4d2bdb3a63",
                "sha256:6d0072fea50feec76a4c418096652f2c3238eaa014b2f94aeb1d56a66b41403f",
                "sha256:6fbf47b5d3728c6aea2abb0589b5d30459e369baa772e0f37a0320185e87c980",
                "sha256:7f91197cc9e48f989d12e4e6fbc46495c446636dfc81b9ccf50bb0ec74b91d4b",
                "sha256:86b1f75c4e7c2ac2ccdaec2b9022845dbb81880ca318bb7a0a01fbf7813e3812",
                "sha256:8dc1c72a69aa7e082593c4a203dcf94ddb74bb5c8a731e4e1eb68d031e8498ff",
                "sha256:8e3dcf21f367459434c18e71b2a9532d96547aef8a871872a5bd69a715c15f96",
                "sha256:8e576a51ad59e4bfaac456023a78f6b5e6e7651dcd383bcc3e18d06f9b55d6d1",
                "sha256:96e37a3dc86e80bf81758c152fe66dbf60ed5eca3d26305edf01892257049925",
                "sha256:97a68e6ada378df82bc9f16b800ab77cbf4b2fada0081794318520138c088e4a",
                "sha256:99a2a507ed3ac881b975a2976d59f38c19386d128e7a9a18b7df6fff1fd4c1d6",
                "sha256:a49907dd8420c5685cfa064a1335b6754b74541bbb3706c259c02ed65b644b3e",
                "sha256:b09bf97215625a311f669476f44b8b318b075847b49316d3e28c08e41a7a573f",
                "sha256:b7bd98b796e2b6553da7225aeb61f447f80a1ca64f41d83612e6139ca5213aa4",
                "sha256:b87db4360013327109564f0e591bd2a3b318547bcef31b468a92ee504d07ae4f",
                "sha256:bcb3ed405ed3222f9904899563d6fc492ff75cce56cba05e32eff40e6acbeaa3",
                "sha256:d4306c36ca495956b6d568d276ac11fdd9c30a36f1b6eb928070dc5360b22e1c",
                "sha256:d5ee4f386140395a2c818d149221149c54849dfcfcb9f1debfe07a8b8bd63f9a",
                "sha256:dda30ba7e87fbbb7eab1ec9f58678558fd9a6b8b853530e176eabd064da81417",
                "sha256:e04e26803c9c3851c931eac40c695602c6295b8d432cbe78609649ad9bd2da8a",
                "sha256:e1c0b87e09fa55a220f058d1d49d3fb8df88fbfab58558f1198e08c1e1de842a",
                "sha256:e72591e9ecd94d7feb70c1cbd7be7b3ebea3f548870aa91e2732960fa4d57a37",
                "sha256:e8c843bbcda3a2f1e3c2ab25913c80a3c5376cd00c6e8c4a86a89a28c8dc5452",
                "sha256:efc1913fd2ca4f334418481c7e595c00aad186563bbc1ec76067848c7ca0a933",
                "sha256:f121a1420d4e173a5d96e47e9a0c0dcff965afdf1626d28de1460815f7c4ee7a",
                "sha256:fc7b548b17d238737688817ab67deebb30e8073c95749d55538ed473130ec0c7"
            ],
            "markers": "python_version >= '3.7'",
            "version": "==2.1.1"
        },
        "poyo": {
            "hashes": [
                "sha256:3e2ca8e33fdc3c411cd101ca395668395dd5dc7ac775b8e809e3def9f9fe041a",
                "sha256:e26956aa780c45f011ca9886f044590e2d8fd8b61db7b1c1cf4e0869f48ed4dd"
            ],
            "markers": "python_version >= '2.7' and python_version not in '3.0, 3.1, 3.2, 3.3'",
            "version": "==0.5.0"
        },
        "psycopg2-binary": {
            "hashes": [
                "sha256:0b7dae87f0b729922e06f85f667de7bf16455d411971b2043bbd9577af9d1975",
                "sha256:0f2e04bd2a2ab54fa44ee67fe2d002bb90cee1c0f1cc0ebc3148af7b02034cbd",
                "sha256:123c3fb684e9abfc47218d3784c7b4c47c8587951ea4dd5bc38b6636ac57f616",
                "sha256:1473c0215b0613dd938db54a653f68251a45a78b05f6fc21af4326f40e8360a2",
                "sha256:14db1752acdd2187d99cb2ca0a1a6dfe57fc65c3281e0f20e597aac8d2a5bd90",
                "sha256:1e3a362790edc0a365385b1ac4cc0acc429a0c0d662d829a50b6ce743ae61b5a",
                "sha256:1e85b74cbbb3056e3656f1cc4781294df03383127a8114cbc6531e8b8367bf1e",
                "sha256:1f6ca4a9068f5c5c57e744b4baa79f40e83e3746875cac3c45467b16326bab45",
                "sha256:20f1ab44d8c352074e2d7ca67dc00843067788791be373e67a0911998787ce7d",
                "sha256:24b0b6688b9f31a911f2361fe818492650795c9e5d3a1bc647acbd7440142a4f",
                "sha256:2f62c207d1740b0bde5c4e949f857b044818f734a3d57f1d0d0edc65050532ed",
                "sha256:3242b9619de955ab44581a03a64bdd7d5e470cc4183e8fcadd85ab9d3756ce7a",
                "sha256:35c4310f8febe41f442d3c65066ca93cccefd75013df3d8c736c5b93ec288140",
                "sha256:4235f9d5ddcab0b8dbd723dca56ea2922b485ea00e1dafacf33b0c7e840b3d32",
                "sha256:542875f62bc56e91c6eac05a0deadeae20e1730be4c6334d8f04c944fcd99759",
                "sha256:5ced67f1e34e1a450cdb48eb53ca73b60aa0af21c46b9b35ac3e581cf9f00e31",
                "sha256:661509f51531ec125e52357a489ea3806640d0ca37d9dada461ffc69ee1e7b6e",
                "sha256:7360647ea04db2e7dff1648d1da825c8cf68dc5fbd80b8fb5b3ee9f068dcd21a",
                "sha256:736b8797b58febabb85494142c627bd182b50d2a7ec65322983e71065ad3034c",
                "sha256:8c13d72ed6af7fd2c8acbd95661cf9477f94e381fce0792c04981a8283b52917",
                "sha256:988b47ac70d204aed01589ed342303da7c4d84b56c2f4c4b8b00deda123372bf",
                "sha256:995fc41ebda5a7a663a254a1dcac52638c3e847f48307b5416ee373da15075d7",
                "sha256:a36c7eb6152ba5467fb264d73844877be8b0847874d4822b7cf2d3c0cb8cdcb0",
                "sha256:aed4a9a7e3221b3e252c39d0bf794c438dc5453bc2963e8befe9d4cd324dff72",
                "sha256:aef9aee84ec78af51107181d02fe8773b100b01c5dfde351184ad9223eab3698",
                "sha256:b0221ca5a9837e040ebf61f48899926b5783668b7807419e4adae8175a31f773",
                "sha256:b4d7679a08fea64573c969f6994a2631908bb2c0e69a7235648642f3d2e39a68",
                "sha256:c250a7ec489b652c892e4f0a5d122cc14c3780f9f643e1a326754aedf82d9a76",
                "sha256:ca86db5b561b894f9e5f115d6a159fff2a2570a652e07889d8a383b5fae66eb4",
                "sha256:cfc523edecddaef56f6740d7de1ce24a2fdf94fd5e704091856a201872e37f9f",
                "sha256:d92272c7c16e105788efe2cfa5d680f07e34e0c29b03c1908f8636f55d5f915a",
                "sha256:da113b70f6ec40e7d81b43d1b139b9db6a05727ab8be1ee559f3a69854a69d34",
                "sha256:ebccf1123e7ef66efc615a68295bf6fdba875a75d5bba10a05073202598085fc",
                "sha256:f6fac64a38f6768e7bc7b035b9e10d8a538a9fadce06b983fb3e6fa55ac5f5ce",
                "sha256:f8559617b1fcf59a9aedba2c9838b5b6aa211ffedecabca412b92a1ff75aac1a",
                "sha256:fbb42a541b1093385a2d8c7eec94d26d30437d0e77c1d25dae1dcc46741a385e"
            ],
            "index": "pypi",
            "version": "==2.9.1"
        },
        "python-dateutil": {
            "hashes": [
                "sha256:0123cacc1627ae19ddf3c27a5de5bd67ee4586fbdd6440d9748f8abb483d3e86",
                "sha256:961d03dc3453ebbc59dbdea9e4e11c5651520a876d0f4db161e8674aae935da9"
            ],
            "markers": "python_version >= '2.7' and python_version not in '3.0, 3.1, 3.2, 3.3'",
            "version": "==2.8.2"
        },
        "python-dotenv": {
            "hashes": [
                "sha256:aae25dc1ebe97c420f50b81fb0e5c949659af713f31fdb63c749ca68748f34b1",
                "sha256:f521bc2ac9a8e03c736f62911605c5d83970021e3fa95b37d769e2bbbe9b6172"
            ],
            "index": "pypi",
            "version": "==0.19"
        },
        "python-slugify": {
            "hashes": [
                "sha256:00003397f4e31414e922ce567b3a4da28cf1436a53d332c9aeeb51c7d8c469fd",
                "sha256:8c0016b2d74503eb64761821612d58fcfc729493634b1eb0575d8f5b4aa1fbcf"
            ],
            "markers": "python_version >= '2.7' and python_version not in '3.0, 3.1, 3.2, 3.3, 3.4, 3.5'",
            "version": "==6.1.1"
        },
        "pytz": {
            "hashes": [
                "sha256:1e760e2fe6a8163bc0b3d9a19c4f84342afa0a2affebfaa84b01b978a02ecaa7",
                "sha256:e68985985296d9a66a881eb3193b0906246245294a881e7c8afe623866ac6a5c"
            ],
            "version": "==2022.1"
        },
        "requests": {
            "hashes": [
                "sha256:68d7c56fd5a8999887728ef304a6d12edc7be74f1cfa47714fc8b414525c9a61",
                "sha256:f22fa1e554c9ddfd16e6e41ac79759e17be9e492b3587efa038054674760e72d"
            ],
            "markers": "python_version >= '2.7' and python_version not in '3.0, 3.1, 3.2, 3.3, 3.4, 3.5'",
            "version": "==2.27.1"
        },
        "sentry-sdk": {
            "hashes": [
                "sha256:ebe99144fa9618d4b0e7617e7929b75acd905d258c3c779edcd34c0adfffe26c",
                "sha256:f33d34c886d0ba24c75ea8885a8b3a172358853c7cbde05979fc99c29ef7bc52"
            ],
            "index": "pypi",
            "version": "==1.3.1"
        },
        "setuptools": {
            "hashes": [
                "sha256:26ead7d1f93efc0f8c804d9fafafbe4a44b179580a7105754b245155f9af05a8",
                "sha256:47c7b0c0f8fc10eec4cf1e71c6fdadf8decaa74ffa087e68cd1c20db7ad6a592"
            ],
            "markers": "python_version >= '3.7'",
            "version": "==62.1.0"
        },
        "six": {
            "hashes": [
                "sha256:1e61c37477a1626458e36f7b1d82aa5c9b094fa4802892072e49de9c60c4c926",
                "sha256:8abb2f1d86890a2dfb989f9a77cfcfd3e47c2a354b01111771326f8aa26e0254"
            ],
            "markers": "python_version >= '2.7' and python_version not in '3.0, 3.1, 3.2, 3.3'",
            "version": "==1.16.0"
        },
        "sqlparse": {
            "hashes": [
                "sha256:0c00730c74263a94e5a9919ade150dfc3b19c574389985446148402998287dae",
                "sha256:48719e356bb8b42991bdbb1e8b83223757b93789c00910a616a071910ca4a64d"
            ],
            "markers": "python_version >= '3.5'",
            "version": "==0.4.2"
        },
        "text-unidecode": {
            "hashes": [
                "sha256:1311f10e8b895935241623731c2ba64f4c455287888b18189350b67134a822e8",
                "sha256:bad6603bb14d279193107714b288be206cac565dfa49aa5b105294dd5c4aab93"
            ],
            "version": "==1.3"
        },
        "urllib3": {
            "hashes": [
                "sha256:44ece4d53fb1706f667c9bd1c648f5469a2ec925fcf3a776667042d645472c14",
                "sha256:aabaf16477806a5e1dd19aa41f8c2b7950dd3c746362d7e3223dbe6de6ac448e"
            ],
            "markers": "python_version >= '2.7' and python_version not in '3.0, 3.1, 3.2, 3.3, 3.4' and python_version < '4.0'",
            "version": "==1.26.9"
        },
        "whitenoise": {
            "hashes": [
                "sha256:d234b871b52271ae7ed6d9da47ffe857c76568f11dd30e28e18c5869dbd11e12",
                "sha256:d963ef25639d1417e8a247be36e6aedd8c7c6f0a08adcb5a89146980a96b577c"
            ],
            "index": "pypi",
            "version": "==5.3.0"
        }
    },
    "develop": {
        "asgiref": {
            "hashes": [
                "sha256:2f8abc20f7248433085eda803936d98992f1343ddb022065779f37c5da0181d0",
                "sha256:88d59c13d634dcffe0510be048210188edd79aeccb6a6c9028cdad6f31d730a9"
            ],
            "markers": "python_version >= '3.7'",
            "version": "==3.5.0"
        },
        "attrs": {
            "hashes": [
                "sha256:2d27e3784d7a565d36ab851fe94887c5eccd6a463168875832a1be79c82828b4",
                "sha256:626ba8234211db98e869df76230a137c4c40a12d72445c45d5f5b716f076e2fd"
            ],
            "markers": "python_version >= '2.7' and python_version not in '3.0, 3.1, 3.2, 3.3, 3.4'",
            "version": "==21.4.0"
        },
        "black": {
            "hashes": [
                "sha256:2a0f9a8c2b2a60dbcf1ccb058842fb22bdbbcb2f32c6cc02d9578f90b92ce8b7",
                "sha256:570608d28aa3af1792b98c4a337dbac6367877b47b12b88ab42095cfc1a627c2"
            ],
            "index": "pypi",
            "version": "==21.8b0"
        },
        "cfgv": {
            "hashes": [
                "sha256:c6a0883f3917a037485059700b9e75da2464e6c27051014ad85ba6aaa5884426",
                "sha256:f5a830efb9ce7a445376bb66ec94c638a9787422f96264c98edc6bdeed8ab736"
            ],
            "markers": "python_full_version >= '3.6.1'",
            "version": "==3.3.1"
        },
        "click": {
            "hashes": [
                "sha256:24e1a4a9ec5bf6299411369b208c1df2188d9eb8d916302fe6bf03faed227f1e",
                "sha256:479707fe14d9ec9a0757618b7a100a0ae4c4e236fac5b7f80ca68028141a1a72"
            ],
            "markers": "python_version >= '3.7'",
            "version": "==8.1.2"
        },
        "distlib": {
            "hashes": [
                "sha256:6564fe0a8f51e734df6333d08b8b94d4ea8ee6b99b5ed50613f731fd4089f34b",
                "sha256:e4b58818180336dc9c529bfb9a0b58728ffc09ad92027a3f30b7cd91e3458579"
            ],
            "version": "==0.3.4"
        },
        "django": {
            "hashes": [
                "sha256:6d93497a0a9bf6ba0e0b1a29cccdc40efbfc76297255b1309b3a884a688ec4b6",
                "sha256:b896ca61edc079eb6bbaa15cf6071eb69d6aac08cce5211583cfb41515644fdf"
            ],
            "index": "pypi",
            "version": "==3.2.13"
        },
        "django-debug-toolbar": {
            "hashes": [
                "sha256:8c5b13795d4040008ee69ba82dcdd259c49db346cf7d0de6e561a49d191f0860",
                "sha256:d7bab7573fab35b0fd029163371b7182f5826c13da69734beb675c761d06a4d3"
            ],
            "index": "pypi",
            "version": "==3.2.2"
        },
        "factory-boy": {
            "hashes": [
                "sha256:1d3db4b44b8c8c54cdd8b83ae4bdb9aeb121e464400035f1f03ae0e1eade56a4",
                "sha256:401cc00ff339a022f84d64a4339503d1689e8263a4478d876e58a3295b155c5b"
            ],
            "index": "pypi",
            "version": "==3.2.0"
        },
        "faker": {
            "hashes": [
                "sha256:2a9716f2c409224121144f0d2fdc7105e978e2e266deb4d8216061d9668951fc",
                "sha256:2d4139254c1cc69f2b5203f4a9aaab33a9e65f7994059856300ef6e21ac93f39"
            ],
            "markers": "python_version >= '3.6'",
            "version": "==13.4.0"
        },
        "filelock": {
            "hashes": [
                "sha256:9cd540a9352e432c7246a48fe4e8712b10acb1df2ad1f30e8c070b82ae1fed85",
                "sha256:f8314284bfffbdcfa0ff3d7992b023d4c628ced6feb957351d4c48d059f56bc0"
            ],
            "markers": "python_version >= '3.7'",
            "version": "==3.6.0"
        },
        "flake8": {
            "hashes": [
                "sha256:07528381786f2a6237b061f6e96610a4167b226cb926e2aa2b6b1d78057c576b",
                "sha256:bf8fd333346d844f616e8d47905ef3a3384edae6b4e9beb0c5101e25e3110907"
            ],
            "index": "pypi",
            "version": "==3.9.2"
        },
        "identify": {
            "hashes": [
                "sha256:3f3244a559290e7d3deb9e9adc7b33594c1bc85a9dd82e0f1be519bf12a1ec17",
                "sha256:5f06b14366bd1facb88b00540a1de05b69b310cbc2654db3c7e07fa3a4339323"
            ],
            "markers": "python_version >= '3.7'",
            "version": "==2.4.12"
        },
        "iniconfig": {
            "hashes": [
                "sha256:011e24c64b7f47f6ebd835bb12a743f2fbe9a26d4cecaa7f53bc4f35ee9da8b3",
                "sha256:bc3af051d7d14b2ee5ef9969666def0cd1a000e121eaea580d4a313df4b37f32"
            ],
            "version": "==1.1.1"
        },
        "isort": {
            "hashes": [
                "sha256:9c2ea1e62d871267b78307fe511c0838ba0da28698c5732d54e2790bf3ba9899",
                "sha256:e17d6e2b81095c9db0a03a8025a957f334d6ea30b26f9ec70805411e5c7c81f2"
            ],
            "index": "pypi",
            "version": "==5.9.3"
        },
        "mccabe": {
            "hashes": [
                "sha256:ab8a6258860da4b6677da4bd2fe5dc2c659cff31b3ee4f7f5d64e79735b80d42",
                "sha256:dd8d182285a0fe56bace7f45b5e7d1a6ebcbf524e8f3bd87eb0f125271b8831f"
            ],
            "version": "==0.6.1"
        },
        "mypy-extensions": {
            "hashes": [
                "sha256:090fedd75945a69ae91ce1303b5824f428daf5a028d2f6ab8a299250a846f15d",
                "sha256:2d82818f5bb3e369420cb3c4060a7970edba416647068eb4c5343488a6c604a8"
            ],
            "version": "==0.4.3"
        },
        "nodeenv": {
            "hashes": [
                "sha256:3ef13ff90291ba2a4a7a4ff9a979b63ffdd00a464dbe04acf0ea6471517a4c2b",
                "sha256:621e6b7076565ddcacd2db0294c0381e01fd28945ab36bcf00f41c5daf63bef7"
            ],
            "version": "==1.6.0"
        },
        "packaging": {
            "hashes": [
                "sha256:dd47c42927d89ab911e606518907cc2d3a1f38bbd026385970643f9c5b8ecfeb",
                "sha256:ef103e05f519cdc783ae24ea4e2e0f508a9c99b2d4969652eed6a2e1ea5bd522"
            ],
            "markers": "python_version >= '3.6'",
            "version": "==21.3"
        },
        "pathspec": {
            "hashes": [
                "sha256:7d15c4ddb0b5c802d161efc417ec1a2558ea2653c2e8ad9c19098201dc1c993a",
                "sha256:e564499435a2673d586f6b2130bb5b95f04a3ba06f81b8f895b651a3c76aabb1"
            ],
            "version": "==0.9.0"
        },
        "platformdirs": {
            "hashes": [
                "sha256:027d8e83a2d7de06bbac4e5ef7e023c02b863d7ea5d079477e722bb41ab25788",
                "sha256:58c8abb07dcb441e6ee4b11d8df0ac856038f944ab98b7be6b27b2a3c7feef19"
            ],
            "markers": "python_version >= '3.7'",
            "version": "==2.5.2"
        },
        "pluggy": {
            "hashes": [
                "sha256:265a94bf44ca13662f12fcd1b074c14d4b269a712f051b6f644ef7e705d6735f",
                "sha256:467f0219e89bb5061a8429c6fc5cf055fa3983a0e68e84a1d205046306b37d9e"
            ],
            "markers": "python_version >= '2.7' and python_version not in '3.0, 3.1, 3.2, 3.3'",
            "version": "==1.0.0.dev0"
        },
        "pre-commit": {
            "hashes": [
                "sha256:7977a3103927932d4823178cbe4719ab55bb336f42a9f3bb2776cff99007a117",
                "sha256:a22d12a02da4d8df314187dfe7a61bda6291d57992060522feed30c8cd658b68"
            ],
            "index": "pypi",
            "version": "==2.14.1"
        },
        "py": {
            "hashes": [
                "sha256:51c75c4126074b472f746a24399ad32f6053d1b34b68d2fa41e558e6f4a98719",
                "sha256:607c53218732647dff4acdfcd50cb62615cedf612e72d1724fb1a0cc6405b378"
            ],
            "markers": "python_version >= '2.7' and python_version not in '3.0, 3.1, 3.2, 3.3, 3.4'",
            "version": "==1.11.0"
        },
        "pycodestyle": {
            "hashes": [
                "sha256:514f76d918fcc0b55c6680472f0a37970994e07bbb80725808c17089be302068",
                "sha256:c389c1d06bf7904078ca03399a4816f974a1d590090fecea0c63ec26ebaf1cef"
            ],
            "markers": "python_version >= '2.7' and python_version not in '3.0, 3.1, 3.2, 3.3'",
            "version": "==2.7.0"
        },
        "pyflakes": {
            "hashes": [
                "sha256:7893783d01b8a89811dd72d7dfd4d84ff098e5eed95cfa8905b22bbffe52efc3",
                "sha256:f5bc8ecabc05bb9d291eb5203d6810b49040f6ff446a756326104746cc00c1db"
            ],
            "markers": "python_version >= '2.7' and python_version not in '3.0, 3.1, 3.2, 3.3'",
            "version": "==2.3.1"
        },
        "pyparsing": {
            "hashes": [
                "sha256:7bf433498c016c4314268d95df76c81b842a4cb2b276fa3312cfb1e1d85f6954",
                "sha256:ef7b523f6356f763771559412c0d7134753f037822dad1b16945b7b846f7ad06"
            ],
            "markers": "python_full_version >= '3.6.8'",
            "version": "==3.0.8"
        },
        "pytest": {
            "hashes": [
                "sha256:50bcad0a0b9c5a72c8e4e7c9855a3ad496ca6a881a3641b4260605450772c54b",
                "sha256:91ef2131a9bd6be8f76f1f08eac5c5317221d6ad1e143ae03894b862e8976890"
            ],
            "index": "pypi",
            "version": "==6.2.4"
        },
        "pytest-django": {
            "hashes": [
                "sha256:65783e78382456528bd9d79a35843adde9e6a47347b20464eb2c885cb0f1f606",
                "sha256:b5171e3798bf7e3fc5ea7072fe87324db67a4dd9f1192b037fed4cc3c1b7f455"
            ],
            "index": "pypi",
            "version": "==4.4.0"
        },
        "python-dateutil": {
            "hashes": [
                "sha256:0123cacc1627ae19ddf3c27a5de5bd67ee4586fbdd6440d9748f8abb483d3e86",
                "sha256:961d03dc3453ebbc59dbdea9e4e11c5651520a876d0f4db161e8674aae935da9"
            ],
            "markers": "python_version >= '2.7' and python_version not in '3.0, 3.1, 3.2, 3.3'",
            "version": "==2.8.2"
        },
        "pyyaml": {
            "hashes": [
                "sha256:0283c35a6a9fbf047493e3a0ce8d79ef5030852c51e9d911a27badfde0605293",
                "sha256:055d937d65826939cb044fc8c9b08889e8c743fdc6a32b33e2390f66013e449b",
                "sha256:07751360502caac1c067a8132d150cf3d61339af5691fe9e87803040dbc5db57",
                "sha256:0b4624f379dab24d3725ffde76559cff63d9ec94e1736b556dacdfebe5ab6d4b",
                "sha256:0ce82d761c532fe4ec3f87fc45688bdd3a4c1dc5e0b4a19814b9009a29baefd4",
                "sha256:1e4747bc279b4f613a09eb64bba2ba602d8a6664c6ce6396a4d0cd413a50ce07",
                "sha256:213c60cd50106436cc818accf5baa1aba61c0189ff610f64f4a3e8c6726218ba",
                "sha256:231710d57adfd809ef5d34183b8ed1eeae3f76459c18fb4a0b373ad56bedcdd9",
                "sha256:277a0ef2981ca40581a47093e9e2d13b3f1fbbeffae064c1d21bfceba2030287",
                "sha256:2cd5df3de48857ed0544b34e2d40e9fac445930039f3cfe4bcc592a1f836d513",
                "sha256:40527857252b61eacd1d9af500c3337ba8deb8fc298940291486c465c8b46ec0",
                "sha256:473f9edb243cb1935ab5a084eb238d842fb8f404ed2193a915d1784b5a6b5fc0",
                "sha256:48c346915c114f5fdb3ead70312bd042a953a8ce5c7106d5bfb1a5254e47da92",
                "sha256:50602afada6d6cbfad699b0c7bb50d5ccffa7e46a3d738092afddc1f9758427f",
                "sha256:68fb519c14306fec9720a2a5b45bc9f0c8d1b9c72adf45c37baedfcd949c35a2",
                "sha256:77f396e6ef4c73fdc33a9157446466f1cff553d979bd00ecb64385760c6babdc",
                "sha256:819b3830a1543db06c4d4b865e70ded25be52a2e0631ccd2f6a47a2822f2fd7c",
                "sha256:897b80890765f037df3403d22bab41627ca8811ae55e9a722fd0392850ec4d86",
                "sha256:98c4d36e99714e55cfbaaee6dd5badbc9a1ec339ebfc3b1f52e293aee6bb71a4",
                "sha256:9df7ed3b3d2e0ecfe09e14741b857df43adb5a3ddadc919a2d94fbdf78fea53c",
                "sha256:9fa600030013c4de8165339db93d182b9431076eb98eb40ee068700c9c813e34",
                "sha256:a80a78046a72361de73f8f395f1f1e49f956c6be882eed58505a15f3e430962b",
                "sha256:b3d267842bf12586ba6c734f89d1f5b871df0273157918b0ccefa29deb05c21c",
                "sha256:b5b9eccad747aabaaffbc6064800670f0c297e52c12754eb1d976c57e4f74dcb",
                "sha256:c5687b8d43cf58545ade1fe3e055f70eac7a5a1a0bf42824308d868289a95737",
                "sha256:cba8c411ef271aa037d7357a2bc8f9ee8b58b9965831d9e51baf703280dc73d3",
                "sha256:d15a181d1ecd0d4270dc32edb46f7cb7733c7c508857278d3d378d14d606db2d",
                "sha256:d4db7c7aef085872ef65a8fd7d6d09a14ae91f691dec3e87ee5ee0539d516f53",
                "sha256:d4eccecf9adf6fbcc6861a38015c2a64f38b9d94838ac1810a9023a0609e1b78",
                "sha256:d67d839ede4ed1b28a4e8909735fc992a923cdb84e618544973d7dfc71540803",
                "sha256:daf496c58a8c52083df09b80c860005194014c3698698d1a57cbcfa182142a3a",
                "sha256:e61ceaab6f49fb8bdfaa0f92c4b57bcfbea54c09277b1b4f7ac376bfb7a7c174",
                "sha256:f84fbc98b019fef2ee9a1cb3ce93e3187a6df0b2538a651bfb890254ba9f90b5"
            ],
            "markers": "python_version >= '3.6'",
            "version": "==6.0"
        },
        "regex": {
            "hashes": [
                "sha256:0066a6631c92774391f2ea0f90268f0d82fffe39cb946f0f9c6b382a1c61a5e5",
                "sha256:0100f0ded953b6b17f18207907159ba9be3159649ad2d9b15535a74de70359d3",
                "sha256:01c913cf573d1da0b34c9001a94977273b5ee2fe4cb222a5d5b320f3a9d1a835",
                "sha256:0214ff6dff1b5a4b4740cfe6e47f2c4c92ba2938fca7abbea1359036305c132f",
                "sha256:029e9e7e0d4d7c3446aa92474cbb07dafb0b2ef1d5ca8365f059998c010600e6",
                "sha256:0317eb6331146c524751354ebef76a7a531853d7207a4d760dfb5f553137a2a4",
                "sha256:04b5ee2b6d29b4a99d38a6469aa1db65bb79d283186e8460542c517da195a8f6",
                "sha256:04c09b9651fa814eeeb38e029dc1ae83149203e4eeb94e52bb868fadf64852bc",
                "sha256:058054c7a54428d5c3e3739ac1e363dc9347d15e64833817797dc4f01fb94bb8",
                "sha256:060f9066d2177905203516c62c8ea0066c16c7342971d54204d4e51b13dfbe2e",
                "sha256:0a7b75cc7bb4cc0334380053e4671c560e31272c9d2d5a6c4b8e9ae2c9bd0f82",
                "sha256:0e2630ae470d6a9f8e4967388c1eda4762706f5750ecf387785e0df63a4cc5af",
                "sha256:174d964bc683b1e8b0970e1325f75e6242786a92a22cedb2a6ec3e4ae25358bd",
                "sha256:25ecb1dffc5e409ca42f01a2b2437f93024ff1612c1e7983bad9ee191a5e8828",
                "sha256:286908cbe86b1a0240a867aecfe26a439b16a1f585d2de133540549831f8e774",
                "sha256:303b15a3d32bf5fe5a73288c316bac5807587f193ceee4eb6d96ee38663789fa",
                "sha256:34bb30c095342797608727baf5c8aa122406aa5edfa12107b8e08eb432d4c5d7",
                "sha256:3e265b388cc80c7c9c01bb4f26c9e536c40b2c05b7231fbb347381a2e1c8bf43",
                "sha256:3e4d710ff6539026e49f15a3797c6b1053573c2b65210373ef0eec24480b900b",
                "sha256:42eb13b93765c6698a5ab3bcd318d8c39bb42e5fa8a7fcf7d8d98923f3babdb1",
                "sha256:48081b6bff550fe10bcc20c01cf6c83dbca2ccf74eeacbfac240264775fd7ecf",
                "sha256:491fc754428514750ab21c2d294486223ce7385446f2c2f5df87ddbed32979ae",
                "sha256:4d1445824944e642ffa54c4f512da17a953699c563a356d8b8cbdad26d3b7598",
                "sha256:530a3a16e57bd3ea0dff5ec2695c09632c9d6c549f5869d6cf639f5f7153fb9c",
                "sha256:591d4fba554f24bfa0421ba040cd199210a24301f923ed4b628e1e15a1001ff4",
                "sha256:5a86cac984da35377ca9ac5e2e0589bd11b3aebb61801204bd99c41fac516f0d",
                "sha256:5b1ceede92400b3acfebc1425937454aaf2c62cd5261a3fabd560c61e74f6da3",
                "sha256:5b2e24f3ae03af3d8e8e6d824c891fea0ca9035c5d06ac194a2700373861a15c",
                "sha256:6504c22c173bb74075d7479852356bb7ca80e28c8e548d4d630a104f231e04fb",
                "sha256:673f5a393d603c34477dbad70db30025ccd23996a2d0916e942aac91cc42b31a",
                "sha256:6ca6dcd17f537e9f3793cdde20ac6076af51b2bd8ad5fe69fa54373b17b48d3c",
                "sha256:6e1d8ed9e61f37881c8db383a124829a6e8114a69bd3377a25aecaeb9b3538f8",
                "sha256:75a5e6ce18982f0713c4bac0704bf3f65eed9b277edd3fb9d2b0ff1815943327",
                "sha256:76435a92e444e5b8f346aed76801db1c1e5176c4c7e17daba074fbb46cb8d783",
                "sha256:764e66a0e382829f6ad3bbce0987153080a511c19eb3d2f8ead3f766d14433ac",
                "sha256:78ce90c50d0ec970bd0002462430e00d1ecfd1255218d52d08b3a143fe4bde18",
                "sha256:794a6bc66c43db8ed06698fc32aaeaac5c4812d9f825e9589e56f311da7becd9",
                "sha256:797437e6024dc1589163675ae82f303103063a0a580c6fd8d0b9a0a6708da29e",
                "sha256:7b7494df3fdcc95a1f76cf134d00b54962dd83189520fd35b8fcd474c0aa616d",
                "sha256:7d1a6e403ac8f1d91d8f51c441c3f99367488ed822bda2b40836690d5d0059f5",
                "sha256:7f63877c87552992894ea1444378b9c3a1d80819880ae226bb30b04789c0828c",
                "sha256:8923e1c5231549fee78ff9b2914fad25f2e3517572bb34bfaa3aea682a758683",
                "sha256:8afcd1c2297bc989dceaa0379ba15a6df16da69493635e53431d2d0c30356086",
                "sha256:8b1cc70e31aacc152a12b39245974c8fccf313187eead559ee5966d50e1b5817",
                "sha256:8d1f3ea0d1924feb4cf6afb2699259f658a08ac6f8f3a4a806661c2dfcd66db1",
                "sha256:940570c1a305bac10e8b2bc934b85a7709c649317dd16520471e85660275083a",
                "sha256:947a8525c0a95ba8dc873191f9017d1b1e3024d4dc757f694e0af3026e34044a",
                "sha256:9beb03ff6fe509d6455971c2489dceb31687b38781206bcec8e68bdfcf5f1db2",
                "sha256:9c144405220c5ad3f5deab4c77f3e80d52e83804a6b48b6bed3d81a9a0238e4c",
                "sha256:a98ae493e4e80b3ded6503ff087a8492db058e9c68de371ac3df78e88360b374",
                "sha256:aa2ce79f3889720b46e0aaba338148a1069aea55fda2c29e0626b4db20d9fcb7",
                "sha256:aa5eedfc2461c16a092a2fabc5895f159915f25731740c9152a1b00f4bcf629a",
                "sha256:ab5d89cfaf71807da93c131bb7a19c3e19eaefd613d14f3bce4e97de830b15df",
                "sha256:b4829db3737480a9d5bfb1c0320c4ee13736f555f53a056aacc874f140e98f64",
                "sha256:b52771f05cff7517f7067fef19ffe545b1f05959e440d42247a17cd9bddae11b",
                "sha256:b8248f19a878c72d8c0a785a2cd45d69432e443c9f10ab924c29adda77b324ae",
                "sha256:b9809404528a999cf02a400ee5677c81959bc5cb938fdc696b62eb40214e3632",
                "sha256:c155a1a80c5e7a8fa1d9bb1bf3c8a953532b53ab1196092749bafb9d3a7cbb60",
                "sha256:c33ce0c665dd325200209340a88438ba7a470bd5f09f7424e520e1a3ff835b52",
                "sha256:c5adc854764732dbd95a713f2e6c3e914e17f2ccdc331b9ecb777484c31f73b6",
                "sha256:cb374a2a4dba7c4be0b19dc7b1adc50e6c2c26c3369ac629f50f3c198f3743a4",
                "sha256:cd00859291658fe1fda48a99559fb34da891c50385b0bfb35b808f98956ef1e7",
                "sha256:ce3057777a14a9a1399b81eca6a6bfc9612047811234398b84c54aeff6d536ea",
                "sha256:d0a5a1fdc9f148a8827d55b05425801acebeeefc9e86065c7ac8b8cc740a91ff",
                "sha256:dad3991f0678facca1a0831ec1ddece2eb4d1dd0f5150acb9440f73a3b863907",
                "sha256:dc7b7c16a519d924c50876fb152af661a20749dcbf653c8759e715c1a7a95b18",
                "sha256:dcbb7665a9db9f8d7642171152c45da60e16c4f706191d66a1dc47ec9f820aed",
                "sha256:df037c01d68d1958dad3463e2881d3638a0d6693483f58ad41001aa53a83fcea",
                "sha256:f08a7e4d62ea2a45557f561eea87c907222575ca2134180b6974f8ac81e24f06",
                "sha256:f16cf7e4e1bf88fecf7f41da4061f181a6170e179d956420f84e700fb8a3fd6b",
                "sha256:f2c53f3af011393ab5ed9ab640fa0876757498aac188f782a0c620e33faa2a3d",
                "sha256:f320c070dea3f20c11213e56dbbd7294c05743417cde01392148964b7bc2d31a",
                "sha256:f553a1190ae6cd26e553a79f6b6cfba7b8f304da2071052fa33469da075ea625",
                "sha256:fc8c7958d14e8270171b3d72792b609c057ec0fa17d507729835b5cff6b7f69a"
            ],
            "markers": "python_version >= '3.6'",
            "version": "==2022.3.15"
        },
        "six": {
            "hashes": [
                "sha256:1e61c37477a1626458e36f7b1d82aa5c9b094fa4802892072e49de9c60c4c926",
                "sha256:8abb2f1d86890a2dfb989f9a77cfcfd3e47c2a354b01111771326f8aa26e0254"
            ],
            "markers": "python_version >= '2.7' and python_version not in '3.0, 3.1, 3.2, 3.3'",
            "version": "==1.16.0"
        },
        "sqlparse": {
            "hashes": [
                "sha256:0c00730c74263a94e5a9919ade150dfc3b19c574389985446148402998287dae",
                "sha256:48719e356bb8b42991bdbb1e8b83223757b93789c00910a616a071910ca4a64d"
            ],
            "markers": "python_version >= '3.5'",
            "version": "==0.4.2"
        },
        "toml": {
            "hashes": [
                "sha256:806143ae5bfb6a3c6e736a764057db0e6a0e05e338b5630894a5f779cabb4f9b",
                "sha256:b3bda1d108d5dd99f4a20d24d9c348e91c4db7ab1b749200bded2f839ccbe68f"
            ],
            "markers": "python_version >= '2.6' and python_version not in '3.0, 3.1, 3.2, 3.3'",
            "version": "==0.10.2"
        },
        "tomli": {
            "hashes": [
                "sha256:05b6166bff487dc068d322585c7ea4ef78deed501cc124060e0f238e89a9231f",
                "sha256:e3069e4be3ead9668e21cb9b074cd948f7b3113fd9c8bba083f48247aab8b11c"
            ],
            "markers": "python_version >= '3.6'",
            "version": "==1.2.3"
        },
        "typing-extensions": {
            "hashes": [
                "sha256:6657594ee297170d19f67d55c05852a874e7eb634f4f753dbd667855e07c1708",
                "sha256:f1c24655a0da0d1b67f07e17a5e6b2a105894e6824b92096378bb3668ef02376"
            ],
            "markers": "python_version >= '3.7'",
            "version": "==4.2.0"
        },
        "virtualenv": {
            "hashes": [
                "sha256:e617f16e25b42eb4f6e74096b9c9e37713cf10bf30168fb4a739f3fa8f898a3a",
                "sha256:ef589a79795589aada0c1c5b319486797c03b67ac3984c48c669c0e4f50df3a5"
            ],
            "markers": "python_version >= '2.7' and python_version not in '3.0, 3.1, 3.2, 3.3, 3.4'",
            "version": "==20.14.1"
        }
    }
}
